{
  "version": 1,
  "dependencies": {
    "net10.0-windows7.0": {
      "DalamudPackager": {
        "type": "Direct",
        "requested": "[15.0.0, )",
        "resolved": "15.0.0",
        "contentHash": "411vwC8/X8Z/sQ2TI6v3SvOn66xFPeOjFn3Zn+h0d3Ox2t1kFm66AhDvmx/qcMwVrR+Hidxj0dadpQ2dgyXMBQ=="
      },
      "DotNet.ReproducibleBuilds": {
        "type": "Direct",
        "requested": "[2.0.2, )",
        "resolved": "2.0.2",
        "contentHash": "VaHoEN6YHp0jXucxm67vfuRy8zo9ufiKSuaZ4ZudRi8xmWcEFMKxfCsg2nvYNvdISFTURDu+IHqADGh53+Bamw=="
      },
      "IndexRange": {
        "type": "Direct",
        "requested": "[1.1.1, )",
        "resolved": "1.1.1",
        "contentHash": "nTESnAJi+itrCESxerrN33q8JYUIRueRzMSM6ogUbds88YyhOGd38DXLkCMjDoBlYn13DmB+AYKMA+ETEz/4EQ==",
        "dependencies": {
          "Microsoft.Bcl.Memory": "9.0.14"
        }
      },
      "Newtonsoft.Json": {
        "type": "Direct",
        "requested": "[13.0.5-beta1, )",
        "resolved": "13.0.5-beta1",
        "contentHash": "cGxikAY78u8CPfIT7mkICvI2ZNL7oDsC+DzgVWxtU5DmNhF2qDcU3YheDitdO9TKIra6Y5rHRD2T7oEexbAbLA=="
      },
      "SharpDX": {
        "type": "Direct",
        "requested": "[4.2.0, )",
        "resolved": "4.2.0",
        "contentHash": "3pv0LFMvfK/dv1qISJnn8xBeeT6R/FRvr0EV4KI2DGsL84Qlv6P7isWqxGyU0LCwlSVCJN3jgHJ4Bl0KI2PJww==",
        "dependencies": {
          "NETStandard.Library": "1.6.1"
        }
      },
      "SharpDX.Mathematics": {
        "type": "Direct",
        "requested": "[4.2.0, )",
        "resolved": "4.2.0",
        "contentHash": "R2pcKLgdsP9p5WyTjHmGOZ0ka0zASAZYc6P4L6rSvjYhf6klGYbent7MiVwbkwkt9dD44p5brjy5IwAnVONWGw==",
        "dependencies": {
          "NETStandard.Library": "1.6.1",
          "SharpDX": "4.2.0"
        }
      },
      "System.ComponentModel.Annotations": {
        "type": "Direct",
        "requested": "[5.0.0, )",
        "resolved": "5.0.0",
        "contentHash": "dMkqfy2el8A8/I76n2Hi1oBFEbG1SfxD2l5nhwXV3XjlnOmwxJlQbYpJH4W51odnU9sARCSAgv7S3CyAFMkpYg=="
      },
      "System.Data.DataSetExtensions": {
        "type": "Direct",
        "requested": "[4.6.0-preview3.19128.7, )",
        "resolved": "4.6.0-preview3.19128.7",
        "contentHash": "ZFJYYi41Wf4xlFKuuRUblw8yThgzBTYeZTs7eGU7sDiu+X+BmeIdT3pstCrmLpDyflDIBuKX1VYmBCGKo14h6w=="
      },
      "System.Drawing.Common": {
        "type": "Direct",
        "requested": "[11.0.0-preview.3.26207.106, )",
        "resolved": "11.0.0-preview.3.26207.106",
        "contentHash": "4q/6KPrTq5csOCd6DsrKLWTCMFHtjIDBtG/LBDV9NiujtKQJ8KgUAGiilYNE7815oYqQfPetZD5dVYpE77c8KQ==",
        "dependencies": {
          "Microsoft.Win32.SystemEvents": "11.0.0-preview.3.26207.106"
        }
      },
      "Microsoft.Bcl.Memory": {
        "type": "Transitive",
        "resolved": "9.0.14",
        "contentHash": "laQCcjTM2FnbyznkAu9hwBuQh3z2/OtJKwjGkJOUevylFpFXZIUVq/+MU2jM0HQm1n5wsjjwtLIDOiWJ6Nai3A=="
      },
      "Microsoft.NETCore.Platforms": {
        "type": "Transitive",
        "resolved": "1.1.0",
        "contentHash": "kz0PEW2lhqygehI/d6XsPCQzD7ff7gUJaVGPVETX611eadGsA3A877GdSlU0LRVMCTH/+P3o2iDTak+S08V2+A=="
      },
      "Microsoft.Win32.SystemEvents": {
        "type": "Transitive",
        "resolved": "11.0.0-preview.3.26207.106",
        "contentHash": "0t8UKDxKQOq2t5k12JrZywfrgcsprxX7f22fWGzOdwmycTVYzYL5zJJydu4e0qiUvRYFsE8ml9hRDF0oSIwYmw=="
      },
      "NETStandard.Library": {
        "type": "Transitive",
        "resolved": "1.6.1",
        "contentHash": "WcSp3+vP+yHNgS8EV5J7pZ9IRpeDuARBPN28by8zqff1wJQXm26PVU8L3/fYLBJVU7BtDyqNVWq2KlCVvSSR4A==",
        "dependencies": {
          "Microsoft.NETCore.Platforms": "1.1.0"
        }
      }
    }
  }
}